
Microsoft Visual Studio Solution File, Format Version 12.00
# Visual Studio Version 17
VisualStudioVersion = 17.8.34309.116
MinimumVisualStudioVersion = 10.0.40219.1
Project("{9A19103F-16F7-4668-BE54-9A1E7A4F7556}") = "Core.Common.SharedServices", "Core.Common\SharedServices\Core.Common.SharedServices.csproj", "{EE3E513B-F3AD-4A90-816E-296D0AB9D8FA}"
EndProject
Global
	GlobalSection(SolutionConfigurationPlatforms) = preSolution
		Debug|Any CPU = Debug|Any CPU
		Release|Any CPU = Release|Any CPU
	EndGlobalSection
	GlobalSection(ProjectConfigurationPlatforms) = postSolution
		{EE3E513B-F3AD-4A90-816E-296D0AB9D8FA}.Debug|Any CPU.ActiveCfg = Debug|Any CPU
		{EE3E513B-F3AD-4A90-816E-296D0AB9D8FA}.Debug|Any CPU.Build.0 = Debug|Any CPU
		{EE3E513B-F3AD-4A90-816E-296D0AB9D8FA}.Release|Any CPU.ActiveCfg = Release|Any CPU
		{EE3E513B-F3AD-4A90-816E-296D0AB9D8FA}.Release|Any CPU.Build.0 = Release|Any CPU
	EndGlobalSection
	GlobalSection(SolutionProperties) = preSolution
		HideSolutionNode = FALSE
	EndGlobalSection
	GlobalSection(ExtensibilityGlobals) = postSolution
		SolutionGuid = {EB7A0D0A-0FD5-4FCD-85F6-1379DBF52CD7}
	EndGlobalSection
EndGlobal
