
Microsoft Visual Studio Solution File, Format Version 12.00
# Visual Studio Version 17
VisualStudioVersion = 17.7.34202.233
MinimumVisualStudioVersion = 10.0.40219.1
Project("{FAE04EC0-301F-11D3-BF4B-00C04F79EFBC}") = "Example2", "OnlinePharmacy\Example2\Example2\Example2.csproj", "{A2AE6585-A309-474D-A0E3-4513C385F07A}"
EndProject
Global
	GlobalSection(SolutionConfigurationPlatforms) = preSolution
		Debug|Any CPU = Debug|Any CPU
		Release|Any CPU = Release|Any CPU
	EndGlobalSection
	GlobalSection(ProjectConfigurationPlatforms) = postSolution
		{A2AE6585-A309-474D-A0E3-4513C385F07A}.Debug|Any CPU.ActiveCfg = Debug|Any CPU
		{A2AE6585-A309-474D-A0E3-4513C385F07A}.Debug|Any CPU.Build.0 = Debug|Any CPU
		{A2AE6585-A309-474D-A0E3-4513C385F07A}.Release|Any CPU.ActiveCfg = Release|Any CPU
		{A2AE6585-A309-474D-A0E3-4513C385F07A}.Release|Any CPU.Build.0 = Release|Any CPU
	EndGlobalSection
	GlobalSection(SolutionProperties) = preSolution
		HideSolutionNode = FALSE
	EndGlobalSection
	GlobalSection(ExtensibilityGlobals) = postSolution
		SolutionGuid = {3809966F-5772-49C9-A81A-B00BD21EB300}
	EndGlobalSection
EndGlobal
